
Microsoft Visual Studio Solution File, Format Version 12.00
# Visual Studio 15
VisualStudioVersion = 15.0.27130.2026
MinimumVisualStudioVersion = 10.0.40219.1
Project("{FAE04EC0-301F-11D3-BF4B-00C04F79EFBC}") = "PrimeMinister", "PrimeMinister\PrimeMinister.csproj", "{924B28E6-389C-453A-814A-43ADD269B36B}"
EndProject
Global
	GlobalSection(SolutionConfigurationPlatforms) = preSolution
		Debug|Any CPU = Debug|Any CPU
		Release|Any CPU = Release|Any CPU
	EndGlobalSection
	GlobalSection(ProjectConfigurationPlatforms) = postSolution
		{924B28E6-389C-453A-814A-43ADD269B36B}.Debug|Any CPU.ActiveCfg = Debug|Any CPU
		{924B28E6-389C-453A-814A-43ADD269B36B}.Debug|Any CPU.Build.0 = Debug|Any CPU
		{924B28E6-389C-453A-814A-43ADD269B36B}.Release|Any CPU.ActiveCfg = Release|Any CPU
		{924B28E6-389C-453A-814A-43ADD269B36B}.Release|Any CPU.Build.0 = Release|Any CPU
	EndGlobalSection
	GlobalSection(SolutionProperties) = preSolution
		HideSolutionNode = FALSE
	EndGlobalSection
	GlobalSection(ExtensibilityGlobals) = postSolution
		SolutionGuid = {B522D0D4-FEA0-4FD6-AECE-CFECD907E874}
	EndGlobalSection
EndGlobal
